// !$*UTF8*$!
{
	archiveVersion = 1;
	classes = {
	};
	objectVersion = 52;
	objects = {

/* Begin PBXBuildFile section */
		C5077EF725E69288008F1BE8 /* String+Extensions.swift in Sources */ = {isa = PBXBuildFile; fileRef = C5077EF625E69288008F1BE8 /* String+Extensions.swift */; };
		ED15D02E25C5600E00C04BEC /* Localized.swift in Sources */ = {isa = PBXBuildFile; fileRef = ED15D02D25C5600E00C04BEC /* Localized.swift */; };
		ED15D03225C5604800C04BEC /* ParseKeys.swift in Sources */ = {isa = PBXBuildFile; fileRef = ED15D03125C5604800C04BEC /* ParseKeys.swift */; };
		ED15D03525C5605300C04BEC /* Consts.swift in Sources */ = {isa = PBXBuildFile; fileRef = ED15D03425C5605300C04BEC /* Consts.swift */; };
		ED15D03825C5605E00C04BEC /* Colors.swift in Sources */ = {isa = PBXBuildFile; fileRef = ED15D03725C5605E00C04BEC /* Colors.swift */; };
		ED15D03B25C560B500C04BEC /* Attributes.swift in Sources */ = {isa = PBXBuildFile; fileRef = ED15D03A25C560B500C04BEC /* Attributes.swift */; };
		ED18257F25C4096400FCD100 /* AppDelegate.swift in Sources */ = {isa = PBXBuildFile; fileRef = ED18257E25C4096400FCD100 /* AppDelegate.swift */; };
		ED18258325C4096600FCD100 /* Assets.xcassets in Resources */ = {isa = PBXBuildFile; fileRef = ED18258225C4096600FCD100 /* Assets.xcassets */; };
		ED18258625C4096600FCD100 /* Main.storyboard in Resources */ = {isa = PBXBuildFile; fileRef = ED18258425C4096600FCD100 /* Main.storyboard */; };
		ED18259125C4098C00FCD100 /* SwiftSoup in Frameworks */ = {isa = PBXBuildFile; productRef = ED18259025C4098C00FCD100 /* SwiftSoup */; };
		ED18259525C40ACC00FCD100 /* Then in Frameworks */ = {isa = PBXBuildFile; productRef = ED18259425C40ACC00FCD100 /* Then */; };
		ED18259C25C4420A00FCD100 /* Int+Extensions.swift in Sources */ = {isa = PBXBuildFile; fileRef = ED18259B25C4420A00FCD100 /* Int+Extensions.swift */; };
		ED1825A025C4422D00FCD100 /* Date+Extensions.swift in Sources */ = {isa = PBXBuildFile; fileRef = ED18259F25C4422D00FCD100 /* Date+Extensions.swift */; };
		ED33D3CC25F3805400C18DE9 /* LaunchAtLogin in Frameworks */ = {isa = PBXBuildFile; productRef = ED33D3CB25F3805400C18DE9 /* LaunchAtLogin */; };
		ED3FF1F225E3EEAA008CBD34 /* ContributeData.swift in Sources */ = {isa = PBXBuildFile; fileRef = ED3FF1F125E3EEA1008CBD34 /* ContributeData.swift */; };
		ED8F6FE425C461320099D861 /* Localizable.strings in Resources */ = {isa = PBXBuildFile; fileRef = ED8F6FE625C461320099D861 /* Localizable.strings */; };
/* End PBXBuildFile section */

/* Begin PBXFileReference section */
		C5077EF625E69288008F1BE8 /* String+Extensions.swift */ = {isa = PBXFileReference; lastKnownFileType = sourcecode.swift; path = "String+Extensions.swift"; sourceTree = "<group>"; };
		ED15D02D25C5600E00C04BEC /* Localized.swift */ = {isa = PBXFileReference; lastKnownFileType = sourcecode.swift; path = Localized.swift; sourceTree = "<group>"; };
		ED15D03125C5604800C04BEC /* ParseKeys.swift */ = {isa = PBXFileReference; lastKnownFileType = sourcecode.swift; path = ParseKeys.swift; sourceTree = "<group>"; };
		ED15D03425C5605300C04BEC /* Consts.swift */ = {isa = PBXFileReference; lastKnownFileType = sourcecode.swift; path = Consts.swift; sourceTree = "<group>"; };
		ED15D03725C5605E00C04BEC /* Colors.swift */ = {isa = PBXFileReference; lastKnownFileType = sourcecode.swift; path = Colors.swift; sourceTree = "<group>"; };
		ED15D03A25C560B500C04BEC /* Attributes.swift */ = {isa = PBXFileReference; lastKnownFileType = sourcecode.swift; path = Attributes.swift; sourceTree = "<group>"; };
		ED18257B25C4096400FCD100 /* jandi.app */ = {isa = PBXFileReference; explicitFileType = wrapper.application; includeInIndex = 0; path = jandi.app; sourceTree = BUILT_PRODUCTS_DIR; };
		ED18257E25C4096400FCD100 /* AppDelegate.swift */ = {isa = PBXFileReference; lastKnownFileType = sourcecode.swift; path = AppDelegate.swift; sourceTree = "<group>"; };
		ED18258225C4096600FCD100 /* Assets.xcassets */ = {isa = PBXFileReference; lastKnownFileType = folder.assetcatalog; path = Assets.xcassets; sourceTree = "<group>"; };
		ED18258525C4096600FCD100 /* Base */ = {isa = PBXFileReference; lastKnownFileType = file.storyboard; name = Base; path = Base.lproj/Main.storyboard; sourceTree = "<group>"; };
		ED18258725C4096600FCD100 /* Info.plist */ = {isa = PBXFileReference; lastKnownFileType = text.plist.xml; path = Info.plist; sourceTree = "<group>"; };
		ED18258825C4096600FCD100 /* jandi.entitlements */ = {isa = PBXFileReference; lastKnownFileType = text.plist.entitlements; path = jandi.entitlements; sourceTree = "<group>"; };
		ED18259B25C4420A00FCD100 /* Int+Extensions.swift */ = {isa = PBXFileReference; lastKnownFileType = sourcecode.swift; path = "Int+Extensions.swift"; sourceTree = "<group>"; };
		ED18259F25C4422D00FCD100 /* Date+Extensions.swift */ = {isa = PBXFileReference; lastKnownFileType = sourcecode.swift; path = "Date+Extensions.swift"; sourceTree = "<group>"; };
		ED3FF1F125E3EEA1008CBD34 /* ContributeData.swift */ = {isa = PBXFileReference; lastKnownFileType = sourcecode.swift; path = ContributeData.swift; sourceTree = "<group>"; };
		ED8F6FDD25C460BE0099D861 /* ko */ = {isa = PBXFileReference; lastKnownFileType = text.plist.strings; name = ko; path = ko.lproj/Main.strings; sourceTree = "<group>"; };
		ED8F6FE525C461320099D861 /* en */ = {isa = PBXFileReference; lastKnownFileType = text.plist.strings; name = en; path = en.lproj/Localizable.strings; sourceTree = "<group>"; };
		ED8F6FE825C461360099D861 /* ko */ = {isa = PBXFileReference; lastKnownFileType = text.plist.strings; name = ko; path = ko.lproj/Localizable.strings; sourceTree = "<group>"; };
/* End PBXFileReference section */

/* Begin PBXFrameworksBuildPhase section */
		ED18257825C4096400FCD100 /* Frameworks */ = {
			isa = PBXFrameworksBuildPhase;
			buildActionMask = 2147483647;
			files = (
				ED18259125C4098C00FCD100 /* SwiftSoup in Frameworks */,
				ED33D3CC25F3805400C18DE9 /* LaunchAtLogin in Frameworks */,
				ED18259525C40ACC00FCD100 /* Then in Frameworks */,
			);
			runOnlyForDeploymentPostprocessing = 0;
		};
/* End PBXFrameworksBuildPhase section */

/* Begin PBXGroup section */
		ED15D02C25C5600200C04BEC /* Consts */ = {
			isa = PBXGroup;
			children = (
				ED15D02D25C5600E00C04BEC /* Localized.swift */,
				ED15D03125C5604800C04BEC /* ParseKeys.swift */,
				ED15D03425C5605300C04BEC /* Consts.swift */,
				ED15D03725C5605E00C04BEC /* Colors.swift */,
				ED15D03A25C560B500C04BEC /* Attributes.swift */,
			);
			path = Consts;
			sourceTree = "<group>";
		};
		ED18257225C4096400FCD100 = {
			isa = PBXGroup;
			children = (
				ED8F6FDF25C460DA0099D861 /* Supporting FIles */,
				ED18257D25C4096400FCD100 /* Sources */,
				ED18257C25C4096400FCD100 /* Products */,
			);
			sourceTree = "<group>";
		};
		ED18257C25C4096400FCD100 /* Products */ = {
			isa = PBXGroup;
			children = (
				ED18257B25C4096400FCD100 /* jandi.app */,
			);
			name = Products;
			sourceTree = "<group>";
		};
		ED18257D25C4096400FCD100 /* Sources */ = {
			isa = PBXGroup;
			children = (
				ED3FF1F025E3EEA1008CBD34 /* Models */,
				ED15D02C25C5600200C04BEC /* Consts */,
				ED18259A25C441FA00FCD100 /* Extensions */,
				ED18257E25C4096400FCD100 /* AppDelegate.swift */,
				ED18258225C4096600FCD100 /* Assets.xcassets */,
				ED18258425C4096600FCD100 /* Main.storyboard */,
				ED18258725C4096600FCD100 /* Info.plist */,
				ED18258825C4096600FCD100 /* jandi.entitlements */,
			);
			path = Sources;
			sourceTree = "<group>";
		};
		ED18259A25C441FA00FCD100 /* Extensions */ = {
			isa = PBXGroup;
			children = (
				ED18259B25C4420A00FCD100 /* Int+Extensions.swift */,
				ED18259F25C4422D00FCD100 /* Date+Extensions.swift */,
				C5077EF625E69288008F1BE8 /* String+Extensions.swift */,
			);
			path = Extensions;
			sourceTree = "<group>";
		};
		ED3FF1F025E3EEA1008CBD34 /* Models */ = {
			isa = PBXGroup;
			children = (
				ED3FF1F125E3EEA1008CBD34 /* ContributeData.swift */,
			);
			path = Models;
			sourceTree = "<group>";
		};
		ED8F6FDF25C460DA0099D861 /* Supporting FIles */ = {
			isa = PBXGroup;
			children = (
				ED8F6FE625C461320099D861 /* Localizable.strings */,
			);
			path = "Supporting FIles";
			sourceTree = "<group>";
		};
/* End PBXGroup section */

/* Begin PBXNativeTarget section */
		ED18257A25C4096400FCD100 /* jandi */ = {
			isa = PBXNativeTarget;
			buildConfigurationList = ED18258B25C4096600FCD100 /* Build configuration list for PBXNativeTarget "jandi" */;
			buildPhases = (
				ED18257725C4096400FCD100 /* Sources */,
				ED18257825C4096400FCD100 /* Frameworks */,
				ED33D3CE25F3808B00C18DE9 /* LaunchAtLogin */,
				ED18257925C4096400FCD100 /* Resources */,
			);
			buildRules = (
			);
			dependencies = (
			);
			name = jandi;
			packageProductDependencies = (
				ED18259025C4098C00FCD100 /* SwiftSoup */,
				ED18259425C40ACC00FCD100 /* Then */,
				ED33D3CB25F3805400C18DE9 /* LaunchAtLogin */,
			);
			productName = jandi;
			productReference = ED18257B25C4096400FCD100 /* jandi.app */;
			productType = "com.apple.product-type.application";
		};
/* End PBXNativeTarget section */

/* Begin PBXProject section */
		ED18257325C4096400FCD100 /* Project object */ = {
			isa = PBXProject;
			attributes = {
				LastSwiftUpdateCheck = 1230;
				LastUpgradeCheck = 1230;
				TargetAttributes = {
					ED18257A25C4096400FCD100 = {
						CreatedOnToolsVersion = 12.3;
					};
				};
			};
			buildConfigurationList = ED18257625C4096400FCD100 /* Build configuration list for PBXProject "jandi" */;
			compatibilityVersion = "Xcode 9.3";
			developmentRegion = en;
			hasScannedForEncodings = 0;
			knownRegions = (
				en,
				Base,
				ko,
			);
			mainGroup = ED18257225C4096400FCD100;
			packageReferences = (
				ED18258F25C4098C00FCD100 /* XCRemoteSwiftPackageReference "SwiftSoup" */,
				ED18259325C40ACC00FCD100 /* XCRemoteSwiftPackageReference "Then" */,
				ED33D3CA25F3805400C18DE9 /* XCRemoteSwiftPackageReference "LaunchAtLogin" */,
			);
			productRefGroup = ED18257C25C4096400FCD100 /* Products */;
			projectDirPath = "";
			projectRoot = "";
			targets = (
				ED18257A25C4096400FCD100 /* jandi */,
			);
		};
/* End PBXProject section */

/* Begin PBXResourcesBuildPhase section */
		ED18257925C4096400FCD100 /* Resources */ = {
			isa = PBXResourcesBuildPhase;
			buildActionMask = 2147483647;
			files = (
				ED18258325C4096600FCD100 /* Assets.xcassets in Resources */,
				ED8F6FE425C461320099D861 /* Localizable.strings in Resources */,
				ED18258625C4096600FCD100 /* Main.storyboard in Resources */,
			);
			runOnlyForDeploymentPostprocessing = 0;
		};
/* End PBXResourcesBuildPhase section */

/* Begin PBXShellScriptBuildPhase section */
		ED33D3CE25F3808B00C18DE9 /* LaunchAtLogin */ = {
			isa = PBXShellScriptBuildPhase;
			buildActionMask = 2147483647;
			files = (
			);
			inputFileListPaths = (
			);
			inputPaths = (
			);
			name = LaunchAtLogin;
			outputFileListPaths = (
			);
			outputPaths = (
			);
			runOnlyForDeploymentPostprocessing = 0;
			shellPath = /bin/sh;
			shellScript = "# Type a script or drag a script file from your workspace to insert its path.\n\"${BUILT_PRODUCTS_DIR}/LaunchAtLogin_LaunchAtLogin.bundle/Contents/Resources/copy-helper-swiftpm.sh\"\n";
		};
/* End PBXShellScriptBuildPhase section */

/* Begin PBXSourcesBuildPhase section */
		ED18257725C4096400FCD100 /* Sources */ = {
			isa = PBXSourcesBuildPhase;
			buildActionMask = 2147483647;
			files = (
				C5077EF725E69288008F1BE8 /* String+Extensions.swift in Sources */,
				ED3FF1F225E3EEAA008CBD34 /* ContributeData.swift in Sources */,
				ED18259C25C4420A00FCD100 /* Int+Extensions.swift in Sources */,
				ED15D03525C5605300C04BEC /* Consts.swift in Sources */,
				ED15D03B25C560B500C04BEC /* Attributes.swift in Sources */,
				ED15D02E25C5600E00C04BEC /* Localized.swift in Sources */,
				ED15D03825C5605E00C04BEC /* Colors.swift in Sources */,
				ED1825A025C4422D00FCD100 /* Date+Extensions.swift in Sources */,
				ED18257F25C4096400FCD100 /* AppDelegate.swift in Sources */,
				ED15D03225C5604800C04BEC /* ParseKeys.swift in Sources */,
			);
			runOnlyForDeploymentPostprocessing = 0;
		};
/* End PBXSourcesBuildPhase section */

/* Begin PBXVariantGroup section */
		ED18258425C4096600FCD100 /* Main.storyboard */ = {
			isa = PBXVariantGroup;
			children = (
				ED18258525C4096600FCD100 /* Base */,
				ED8F6FDD25C460BE0099D861 /* ko */,
			);
			name = Main.storyboard;
			sourceTree = "<group>";
		};
		ED8F6FE625C461320099D861 /* Localizable.strings */ = {
			isa = PBXVariantGroup;
			children = (
				ED8F6FE525C461320099D861 /* en */,
				ED8F6FE825C461360099D861 /* ko */,
			);
			name = Localizable.strings;
			sourceTree = "<group>";
		};
/* End PBXVariantGroup section */

/* Begin XCBuildConfiguration section */
		ED18258925C4096600FCD100 /* Debug */ = {
			isa = XCBuildConfiguration;
			buildSettings = {
				ALWAYS_SEARCH_USER_PATHS = NO;
				CLANG_ANALYZER_LOCALIZABILITY_NONLOCALIZED = YES;
				CLANG_ANALYZER_NONNULL = YES;
				CLANG_ANALYZER_NUMBER_OBJECT_CONVERSION = YES_AGGRESSIVE;
				CLANG_CXX_LANGUAGE_STANDARD = "gnu++14";
				CLANG_CXX_LIBRARY = "libc++";
				CLANG_ENABLE_MODULES = YES;
				CLANG_ENABLE_OBJC_ARC = YES;
				CLANG_ENABLE_OBJC_WEAK = YES;
				CLANG_WARN_BLOCK_CAPTURE_AUTORELEASING = YES;
				CLANG_WARN_BOOL_CONVERSION = YES;
				CLANG_WARN_COMMA = YES;
				CLANG_WARN_CONSTANT_CONVERSION = YES;
				CLANG_WARN_DEPRECATED_OBJC_IMPLEMENTATIONS = YES;
				CLANG_WARN_DIRECT_OBJC_ISA_USAGE = YES_ERROR;
				CLANG_WARN_DOCUMENTATION_COMMENTS = YES;
				CLANG_WARN_EMPTY_BODY = YES;
				CLANG_WARN_ENUM_CONVERSION = YES;
				CLANG_WARN_INFINITE_RECURSION = YES;
				CLANG_WARN_INT_CONVERSION = YES;
				CLANG_WARN_NON_LITERAL_NULL_CONVERSION = YES;
				CLANG_WARN_OBJC_IMPLICIT_RETAIN_SELF = YES;
				CLANG_WARN_OBJC_LITERAL_CONVERSION = YES;
				CLANG_WARN_OBJC_ROOT_CLASS = YES_ERROR;
				CLANG_WARN_QUOTED_INCLUDE_IN_FRAMEWORK_HEADER = YES;
				CLANG_WARN_RANGE_LOOP_ANALYSIS = YES;
				CLANG_WARN_STRICT_PROTOTYPES = YES;
				CLANG_WARN_SUSPICIOUS_MOVE = YES;
				CLANG_WARN_UNGUARDED_AVAILABILITY = YES_AGGRESSIVE;
				CLANG_WARN_UNREACHABLE_CODE = YES;
				CLANG_WARN__DUPLICATE_METHOD_MATCH = YES;
				COPY_PHASE_STRIP = NO;
				DEBUG_INFORMATION_FORMAT = dwarf;
				ENABLE_STRICT_OBJC_MSGSEND = YES;
				ENABLE_TESTABILITY = YES;
				GCC_C_LANGUAGE_STANDARD = gnu11;
				GCC_DYNAMIC_NO_PIC = NO;
				GCC_NO_COMMON_BLOCKS = YES;
				GCC_OPTIMIZATION_LEVEL = 0;
				GCC_PREPROCESSOR_DEFINITIONS = (
					"DEBUG=1",
					"$(inherited)",
				);
				GCC_WARN_64_TO_32_BIT_CONVERSION = YES;
				GCC_WARN_ABOUT_RETURN_TYPE = YES_ERROR;
				GCC_WARN_UNDECLARED_SELECTOR = YES;
				GCC_WARN_UNINITIALIZED_AUTOS = YES_AGGRESSIVE;
				GCC_WARN_UNUSED_FUNCTION = YES;
				GCC_WARN_UNUSED_VARIABLE = YES;
				MACOSX_DEPLOYMENT_TARGET = 10.12;
				MTL_ENABLE_DEBUG_INFO = INCLUDE_SOURCE;
				MTL_FAST_MATH = YES;
				ONLY_ACTIVE_ARCH = YES;
				SDKROOT = macosx;
				SWIFT_ACTIVE_COMPILATION_CONDITIONS = DEBUG;
				SWIFT_OPTIMIZATION_LEVEL = "-Onone";
			};
			name = Debug;
		};
		ED18258A25C4096600FCD100 /* Release */ = {
			isa = XCBuildConfiguration;
			buildSettings = {
				ALWAYS_SEARCH_USER_PATHS = NO;
				CLANG_ANALYZER_LOCALIZABILITY_NONLOCALIZED = YES;
				CLANG_ANALYZER_NONNULL = YES;
				CLANG_ANALYZER_NUMBER_OBJECT_CONVERSION = YES_AGGRESSIVE;
				CLANG_CXX_LANGUAGE_STANDARD = "gnu++14";
				CLANG_CXX_LIBRARY = "libc++";
				CLANG_ENABLE_MODULES = YES;
				CLANG_ENABLE_OBJC_ARC = YES;
				CLANG_ENABLE_OBJC_WEAK = YES;
				CLANG_WARN_BLOCK_CAPTURE_AUTORELEASING = YES;
				CLANG_WARN_BOOL_CONVERSION = YES;
				CLANG_WARN_COMMA = YES;
				CLANG_WARN_CONSTANT_CONVERSION = YES;
				CLANG_WARN_DEPRECATED_OBJC_IMPLEMENTATIONS = YES;
				CLANG_WARN_DIRECT_OBJC_ISA_USAGE = YES_ERROR;
				CLANG_WARN_DOCUMENTATION_COMMENTS = YES;
				CLANG_WARN_EMPTY_BODY = YES;
				CLANG_WARN_ENUM_CONVERSION = YES;
				CLANG_WARN_INFINITE_RECURSION = YES;
				CLANG_WARN_INT_CONVERSION = YES;
				CLANG_WARN_NON_LITERAL_NULL_CONVERSION = YES;
				CLANG_WARN_OBJC_IMPLICIT_RETAIN_SELF = YES;
				CLANG_WARN_OBJC_LITERAL_CONVERSION = YES;
				CLANG_WARN_OBJC_ROOT_CLASS = YES_ERROR;
				CLANG_WARN_QUOTED_INCLUDE_IN_FRAMEWORK_HEADER = YES;
				CLANG_WARN_RANGE_LOOP_ANALYSIS = YES;
				CLANG_WARN_STRICT_PROTOTYPES = YES;
				CLANG_WARN_SUSPICIOUS_MOVE = YES;
				CLANG_WARN_UNGUARDED_AVAILABILITY = YES_AGGRESSIVE;
				CLANG_WARN_UNREACHABLE_CODE = YES;
				CLANG_WARN__DUPLICATE_METHOD_MATCH = YES;
				COPY_PHASE_STRIP = NO;
				DEBUG_INFORMATION_FORMAT = "dwarf-with-dsym";
				ENABLE_NS_ASSERTIONS = NO;
				ENABLE_STRICT_OBJC_MSGSEND = YES;
				GCC_C_LANGUAGE_STANDARD = gnu11;
				GCC_NO_COMMON_BLOCKS = YES;
				GCC_WARN_64_TO_32_BIT_CONVERSION = YES;
				GCC_WARN_ABOUT_RETURN_TYPE = YES_ERROR;
				GCC_WARN_UNDECLARED_SELECTOR = YES;
				GCC_WARN_UNINITIALIZED_AUTOS = YES_AGGRESSIVE;
				GCC_WARN_UNUSED_FUNCTION = YES;
				GCC_WARN_UNUSED_VARIABLE = YES;
				MACOSX_DEPLOYMENT_TARGET = 10.12;
				MTL_ENABLE_DEBUG_INFO = NO;
				MTL_FAST_MATH = YES;
				SDKROOT = macosx;
				SWIFT_COMPILATION_MODE = wholemodule;
				SWIFT_OPTIMIZATION_LEVEL = "-O";
			};
			name = Release;
		};
		ED18258C25C4096600FCD100 /* Debug */ = {
			isa = XCBuildConfiguration;
			buildSettings = {
				ASSETCATALOG_COMPILER_APPICON_NAME = AppIcon;
				ASSETCATALOG_COMPILER_GLOBAL_ACCENT_COLOR_NAME = AccentColor;
				CODE_SIGN_ENTITLEMENTS = "$(SRCROOT)/Sources/jandi.entitlements";
				CODE_SIGN_STYLE = Automatic;
				COMBINE_HIDPI_IMAGES = YES;
				CURRENT_PROJECT_VERSION = 12;
				DEVELOPMENT_TEAM = U6GQL8JQMT;
				ENABLE_HARDENED_RUNTIME = YES;
				INFOPLIST_FILE = "$(SRCROOT)/Sources/Info.plist";
				LD_RUNPATH_SEARCH_PATHS = (
					"$(inherited)",
					"@executable_path/../Frameworks",
				);
				MACOSX_DEPLOYMENT_TARGET = 10.12;
				MARKETING_VERSION = 1.7;
				PRODUCT_BUNDLE_IDENTIFIER = com.tmsae.jandi;
				PRODUCT_NAME = "$(TARGET_NAME)";
				SWIFT_VERSION = 5.0;
			};
			name = Debug;
		};
		ED18258D25C4096600FCD100 /* Release */ = {
			isa = XCBuildConfiguration;
			buildSettings = {
				ASSETCATALOG_COMPILER_APPICON_NAME = AppIcon;
				ASSETCATALOG_COMPILER_GLOBAL_ACCENT_COLOR_NAME = AccentColor;
				CODE_SIGN_ENTITLEMENTS = "$(SRCROOT)/Sources/jandi.entitlements";
				CODE_SIGN_IDENTITY = "Apple Development";
				CODE_SIGN_STYLE = Automatic;
				COMBINE_HIDPI_IMAGES = YES;
				CURRENT_PROJECT_VERSION = 12;
				DEVELOPMENT_TEAM = U6GQL8JQMT;
				ENABLE_HARDENED_RUNTIME = YES;
				INFOPLIST_FILE = "$(SRCROOT)/Sources/Info.plist";
				LD_RUNPATH_SEARCH_PATHS = (
					"$(inherited)",
					"@executable_path/../Frameworks",
				);
				MACOSX_DEPLOYMENT_TARGET = 10.12;
				MARKETING_VERSION = 1.7;
				PRODUCT_BUNDLE_IDENTIFIER = com.tmsae.jandi;
				PRODUCT_NAME = "$(TARGET_NAME)";
				SWIFT_VERSION = 5.0;
			};
			name = Release;
		};
/* End XCBuildConfiguration section */

/* Begin XCConfigurationList section */
		ED18257625C4096400FCD100 /* Build configuration list for PBXProject "jandi" */ = {
			isa = XCConfigurationList;
			buildConfigurations = (
				ED18258925C4096600FCD100 /* Debug */,
				ED18258A25C4096600FCD100 /* Release */,
			);
			defaultConfigurationIsVisible = 0;
			defaultConfigurationName = Release;
		};
		ED18258B25C4096600FCD100 /* Build configuration list for PBXNativeTarget "jandi" */ = {
			isa = XCConfigurationList;
			buildConfigurations = (
				ED18258C25C4096600FCD100 /* Debug */,
				ED18258D25C4096600FCD100 /* Release */,
			);
			defaultConfigurationIsVisible = 0;
			defaultConfigurationName = Release;
		};
/* End XCConfigurationList section */

/* Begin XCRemoteSwiftPackageReference section */
		ED18258F25C4098C00FCD100 /* XCRemoteSwiftPackageReference "SwiftSoup" */ = {
			isa = XCRemoteSwiftPackageReference;
			repositoryURL = "https://github.com/scinfu/SwiftSoup";
			requirement = {
				kind = upToNextMajorVersion;
				minimumVersion = 2.3.2;
			};
		};
		ED18259325C40ACC00FCD100 /* XCRemoteSwiftPackageReference "Then" */ = {
			isa = XCRemoteSwiftPackageReference;
			repositoryURL = "https://github.com/devxoul/Then";
			requirement = {
				kind = upToNextMajorVersion;
				minimumVersion = 2.7.0;
			};
		};
		ED33D3CA25F3805400C18DE9 /* XCRemoteSwiftPackageReference "LaunchAtLogin" */ = {
			isa = XCRemoteSwiftPackageReference;
			repositoryURL = "https://github.com/sindresorhus/LaunchAtLogin";
			requirement = {
				kind = upToNextMajorVersion;
				minimumVersion = 4.0.0;
			};
		};
/* End XCRemoteSwiftPackageReference section */

/* Begin XCSwiftPackageProductDependency section */
		ED18259025C4098C00FCD100 /* SwiftSoup */ = {
			isa = XCSwiftPackageProductDependency;
			package = ED18258F25C4098C00FCD100 /* XCRemoteSwiftPackageReference "SwiftSoup" */;
			productName = SwiftSoup;
		};
		ED18259425C40ACC00FCD100 /* Then */ = {
			isa = XCSwiftPackageProductDependency;
			package = ED18259325C40ACC00FCD100 /* XCRemoteSwiftPackageReference "Then" */;
			productName = Then;
		};
		ED33D3CB25F3805400C18DE9 /* LaunchAtLogin */ = {
			isa = XCSwiftPackageProductDependency;
			package = ED33D3CA25F3805400C18DE9 /* XCRemoteSwiftPackageReference "LaunchAtLogin" */;
			productName = LaunchAtLogin;
		};
/* End XCSwiftPackageProductDependency section */
	};
	rootObject = ED18257325C4096400FCD100 /* Project object */;
}
